
Microsoft Visual Studio Solution File, Format Version 12.00
# Visual Studio Version 16
VisualStudioVersion = 16.0.29411.108
MinimumVisualStudioVersion = 10.0.40219.1
Project("{FAE04EC0-301F-11D3-BF4B-00C04F79EFBC}") = "CMDUninstallerUtility", "CMDUninstallerUtility\CMDUninstallerUtility.csproj", "{5B3E4067-DF78-4302-8634-DEC83AECE0EF}"
EndProject
Project("{FAE04EC0-301F-11D3-BF4B-00C04F79EFBC}") = "Testing", "Testing\Testing.csproj", "{96A77DAA-FB43-4763-8842-1CB72BD778DF}"
EndProject
Global
	GlobalSection(SolutionConfigurationPlatforms) = preSolution
		Debug|Any CPU = Debug|Any CPU
		Release|Any CPU = Release|Any CPU
	EndGlobalSection
	GlobalSection(ProjectConfigurationPlatforms) = postSolution
		{5B3E4067-DF78-4302-8634-DEC83AECE0EF}.Debug|Any CPU.ActiveCfg = Debug|Any CPU
		{5B3E4067-DF78-4302-8634-DEC83AECE0EF}.Debug|Any CPU.Build.0 = Debug|Any CPU
		{5B3E4067-DF78-4302-8634-DEC83AECE0EF}.Release|Any CPU.ActiveCfg = Release|Any CPU
		{5B3E4067-DF78-4302-8634-DEC83AECE0EF}.Release|Any CPU.Build.0 = Release|Any CPU
		{96A77DAA-FB43-4763-8842-1CB72BD778DF}.Debug|Any CPU.ActiveCfg = Debug|Any CPU
		{96A77DAA-FB43-4763-8842-1CB72BD778DF}.Debug|Any CPU.Build.0 = Debug|Any CPU
		{96A77DAA-FB43-4763-8842-1CB72BD778DF}.Release|Any CPU.ActiveCfg = Release|Any CPU
		{96A77DAA-FB43-4763-8842-1CB72BD778DF}.Release|Any CPU.Build.0 = Release|Any CPU
	EndGlobalSection
	GlobalSection(SolutionProperties) = preSolution
		HideSolutionNode = FALSE
	EndGlobalSection
	GlobalSection(ExtensibilityGlobals) = postSolution
		SolutionGuid = {DE7D52A0-B099-4EF3-AD28-B8E6AEF911FD}
	EndGlobalSection
EndGlobal
